
Microsoft Visual Studio Solution File, Format Version 12.00
# Visual Studio Version 17
VisualStudioVersion = 17.9.34902.65
MinimumVisualStudioVersion = 10.0.40219.1
Project("{FAE04EC0-301F-11D3-BF4B-00C04F79EFBC}") = "BasicAlgo", "BasicAlgo\BasicAlgo.csproj", "{B1E6F7D3-AF03-468B-A34C-A8E242189E92}"
EndProject
Global
	GlobalSection(SolutionConfigurationPlatforms) = preSolution
		Debug|Any CPU = Debug|Any CPU
		Release|Any CPU = Release|Any CPU
	EndGlobalSection
	GlobalSection(ProjectConfigurationPlatforms) = postSolution
		{B1E6F7D3-AF03-468B-A34C-A8E242189E92}.Debug|Any CPU.ActiveCfg = Debug|Any CPU
		{B1E6F7D3-AF03-468B-A34C-A8E242189E92}.Debug|Any CPU.Build.0 = Debug|Any CPU
		{B1E6F7D3-AF03-468B-A34C-A8E242189E92}.Release|Any CPU.ActiveCfg = Release|Any CPU
		{B1E6F7D3-AF03-468B-A34C-A8E242189E92}.Release|Any CPU.Build.0 = Release|Any CPU
	EndGlobalSection
	GlobalSection(SolutionProperties) = preSolution
		HideSolutionNode = FALSE
	EndGlobalSection
	GlobalSection(ExtensibilityGlobals) = postSolution
		SolutionGuid = {D327B5AD-FA0F-47ED-A795-0653E22ECCC5}
	EndGlobalSection
EndGlobal
